Microsoft Visual Studio Solution File, Format Version 12.00
# Visual Studio 16
Project("{8BC9CEB8-8B4A-11D0-8D11-00A0C91BC942}") = "ALL_BUILD", "ALL_BUILD.vcxproj", "{AB0C082D-C850-3C64-AEB4-6AF82E557AC1}"
	ProjectSection(ProjectDependencies) = postProject
		{70E09D8D-32D9-3429-9DC9-E2E297BA8CD1} = {70E09D8D-32D9-3429-9DC9-E2E297BA8CD1}
		{8EACCB15-140E-395F-BBB7-39C862AB6442} = {8EACCB15-140E-395F-BBB7-39C862AB6442}
		{ABEC24F3-66BE-3F7D-B91B-7038FF13A4BD} = {ABEC24F3-66BE-3F7D-B91B-7038FF13A4BD}
		{9E8915C4-165F-3190-ACBC-2DCC6974C7CB} = {9E8915C4-165F-3190-ACBC-2DCC6974C7CB}
		{D2009409-81DC-36BE-A517-152A43207B1D} = {D2009409-81DC-36BE-A517-152A43207B1D}
		{450C1A36-13B1-3E5C-A916-CA31E9BD5478} = {450C1A36-13B1-3E5C-A916-CA31E9BD5478}
		{58B6AA01-1FBB-3E10-980F-94B2C664D820} = {58B6AA01-1FBB-3E10-980F-94B2C664D820}
		{1BC778FB-C656-3A0C-A818-DF219A298606} = {1BC778FB-C656-3A0C-A818-DF219A298606}
		{3EFAA04F-FCF9-31A8-84E6-29FFB8A2B92E} = {3EFAA04F-FCF9-31A8-84E6-29FFB8A2B92E}
		{4525B64A-70E2-344D-8481-4A306A7D5BC9} = {4525B64A-70E2-344D-8481-4A306A7D5BC9}
		{E4135897-36D3-3011-B0A0-E572D32ED53D} = {E4135897-36D3-3011-B0A0-E572D32ED53D}
		{74348491-B091-37EE-A4A6-3DB07B26F01E} = {74348491-B091-37EE-A4A6-3DB07B26F01E}
	EndProjectSection
EndProject
Project("{8BC9CEB8-8B4A-11D0-8D11-00A0C91BC942}") = "INSTALL", "INSTALL.vcxproj", "{61944A28-D892-3670-A556-246B6B1C3859}"
	ProjectSection(ProjectDependencies) = postProject
		{AB0C082D-C850-3C64-AEB4-6AF82E557AC1} = {AB0C082D-C850-3C64-AEB4-6AF82E557AC1}
		{70E09D8D-32D9-3429-9DC9-E2E297BA8CD1} = {70E09D8D-32D9-3429-9DC9-E2E297BA8CD1}
	EndProjectSection
EndProject
Project("{8BC9CEB8-8B4A-11D0-8D11-00A0C91BC942}") = "ZERO_CHECK", "ZERO_CHECK.vcxproj", "{70E09D8D-32D9-3429-9DC9-E2E297BA8CD1}"
	ProjectSection(ProjectDependencies) = postProject
	EndProjectSection
EndProject
Project("{8BC9CEB8-8B4A-11D0-8D11-00A0C91BC942}") = "backend_disconnect_recover", "backend_disconnect_recover.vcxproj", "{8EACCB15-140E-395F-BBB7-39C862AB6442}"
	ProjectSection(ProjectDependencies) = postProject
		{70E09D8D-32D9-3429-9DC9-E2E297BA8CD1} = {70E09D8D-32D9-3429-9DC9-E2E297BA8CD1}
		{9E8915C4-165F-3190-ACBC-2DCC6974C7CB} = {9E8915C4-165F-3190-ACBC-2DCC6974C7CB}
	EndProjectSection
EndProject
Project("{8BC9CEB8-8B4A-11D0-8D11-00A0C91BC942}") = "coverage", "coverage.vcxproj", "{E05D4D40-46E5-3B44-8286-B4B527AE9551}"
	ProjectSection(ProjectDependencies) = postProject
		{70E09D8D-32D9-3429-9DC9-E2E297BA8CD1} = {70E09D8D-32D9-3429-9DC9-E2E297BA8CD1}
		{74348491-B091-37EE-A4A6-3DB07B26F01E} = {74348491-B091-37EE-A4A6-3DB07B26F01E}
	EndProjectSection
EndProject
Project("{8BC9CEB8-8B4A-11D0-8D11-00A0C91BC942}") = "doc", "doc.vcxproj", "{A6670EF8-5D41-373A-8197-CE450206B97A}"
	ProjectSection(ProjectDependencies) = postProject
		{70E09D8D-32D9-3429-9DC9-E2E297BA8CD1} = {70E09D8D-32D9-3429-9DC9-E2E297BA8CD1}
	EndProjectSection
EndProject
Project("{8BC9CEB8-8B4A-11D0-8D11-00A0C91BC942}") = "latency", "latency.vcxproj", "{ABEC24F3-66BE-3F7D-B91B-7038FF13A4BD}"
	ProjectSection(ProjectDependencies) = postProject
		{70E09D8D-32D9-3429-9DC9-E2E297BA8CD1} = {70E09D8D-32D9-3429-9DC9-E2E297BA8CD1}
	EndProjectSection
EndProject
Project("{8BC9CEB8-8B4A-11D0-8D11-00A0C91BC942}") = "libsoundio_shared", "libsoundio_shared.vcxproj", "{9E8915C4-165F-3190-ACBC-2DCC6974C7CB}"
	ProjectSection(ProjectDependencies) = postProject
		{70E09D8D-32D9-3429-9DC9-E2E297BA8CD1} = {70E09D8D-32D9-3429-9DC9-E2E297BA8CD1}
	EndProjectSection
EndProject
Project("{8BC9CEB8-8B4A-11D0-8D11-00A0C91BC942}") = "libsoundio_static", "libsoundio_static.vcxproj", "{D2009409-81DC-36BE-A517-152A43207B1D}"
	ProjectSection(ProjectDependencies) = postProject
		{70E09D8D-32D9-3429-9DC9-E2E297BA8CD1} = {70E09D8D-32D9-3429-9DC9-E2E297BA8CD1}
	EndProjectSection
EndProject
Project("{8BC9CEB8-8B4A-11D0-8D11-00A0C91BC942}") = "overflow", "overflow.vcxproj", "{450C1A36-13B1-3E5C-A916-CA31E9BD5478}"
	ProjectSection(ProjectDependencies) = postProject
		{70E09D8D-32D9-3429-9DC9-E2E297BA8CD1} = {70E09D8D-32D9-3429-9DC9-E2E297BA8CD1}
		{9E8915C4-165F-3190-ACBC-2DCC6974C7CB} = {9E8915C4-165F-3190-ACBC-2DCC6974C7CB}
	EndProjectSection
EndProject
Project("{8BC9CEB8-8B4A-11D0-8D11-00A0C91BC942}") = "sio_list_devices", "sio_list_devices.vcxproj", "{58B6AA01-1FBB-3E10-980F-94B2C664D820}"
	ProjectSection(ProjectDependencies) = postProject
		{70E09D8D-32D9-3429-9DC9-E2E297BA8CD1} = {70E09D8D-32D9-3429-9DC9-E2E297BA8CD1}
		{9E8915C4-165F-3190-ACBC-2DCC6974C7CB} = {9E8915C4-165F-3190-ACBC-2DCC6974C7CB}
	EndProjectSection
EndProject
Project("{8BC9CEB8-8B4A-11D0-8D11-00A0C91BC942}") = "sio_microphone", "sio_microphone.vcxproj", "{1BC778FB-C656-3A0C-A818-DF219A298606}"
	ProjectSection(ProjectDependencies) = postProject
		{70E09D8D-32D9-3429-9DC9-E2E297BA8CD1} = {70E09D8D-32D9-3429-9DC9-E2E297BA8CD1}
		{9E8915C4-165F-3190-ACBC-2DCC6974C7CB} = {9E8915C4-165F-3190-ACBC-2DCC6974C7CB}
	EndProjectSection
EndProject
Project("{8BC9CEB8-8B4A-11D0-8D11-00A0C91BC942}") = "sio_record", "sio_record.vcxproj", "{3EFAA04F-FCF9-31A8-84E6-29FFB8A2B92E}"
	ProjectSection(ProjectDependencies) = postProject
		{70E09D8D-32D9-3429-9DC9-E2E297BA8CD1} = {70E09D8D-32D9-3429-9DC9-E2E297BA8CD1}
		{9E8915C4-165F-3190-ACBC-2DCC6974C7CB} = {9E8915C4-165F-3190-ACBC-2DCC6974C7CB}
	EndProjectSection
EndProject
Project("{8BC9CEB8-8B4A-11D0-8D11-00A0C91BC942}") = "sio_sine", "sio_sine.vcxproj", "{4525B64A-70E2-344D-8481-4A306A7D5BC9}"
	ProjectSection(ProjectDependencies) = postProject
		{70E09D8D-32D9-3429-9DC9-E2E297BA8CD1} = {70E09D8D-32D9-3429-9DC9-E2E297BA8CD1}
		{9E8915C4-165F-3190-ACBC-2DCC6974C7CB} = {9E8915C4-165F-3190-ACBC-2DCC6974C7CB}
	EndProjectSection
EndProject
Project("{8BC9CEB8-8B4A-11D0-8D11-00A0C91BC942}") = "underflow", "underflow.vcxproj", "{E4135897-36D3-3011-B0A0-E572D32ED53D}"
	ProjectSection(ProjectDependencies) = postProject
		{70E09D8D-32D9-3429-9DC9-E2E297BA8CD1} = {70E09D8D-32D9-3429-9DC9-E2E297BA8CD1}
		{9E8915C4-165F-3190-ACBC-2DCC6974C7CB} = {9E8915C4-165F-3190-ACBC-2DCC6974C7CB}
	EndProjectSection
EndProject
Project("{8BC9CEB8-8B4A-11D0-8D11-00A0C91BC942}") = "unit_tests", "unit_tests.vcxproj", "{74348491-B091-37EE-A4A6-3DB07B26F01E}"
	ProjectSection(ProjectDependencies) = postProject
		{70E09D8D-32D9-3429-9DC9-E2E297BA8CD1} = {70E09D8D-32D9-3429-9DC9-E2E297BA8CD1}
	EndProjectSection
EndProject
Global
	GlobalSection(SolutionConfigurationPlatforms) = preSolution
		Debug|x64 = Debug|x64
		Release|x64 = Release|x64
		MinSizeRel|x64 = MinSizeRel|x64
		RelWithDebInfo|x64 = RelWithDebInfo|x64
	EndGlobalSection
	GlobalSection(ProjectConfigurationPlatforms) = postSolution
		{AB0C082D-C850-3C64-AEB4-6AF82E557AC1}.Debug|x64.ActiveCfg = Debug|x64
		{AB0C082D-C850-3C64-AEB4-6AF82E557AC1}.Debug|x64.Build.0 = Debug|x64
		{AB0C082D-C850-3C64-AEB4-6AF82E557AC1}.Release|x64.ActiveCfg = Release|x64
		{AB0C082D-C850-3C64-AEB4-6AF82E557AC1}.Release|x64.Build.0 = Release|x64
		{AB0C082D-C850-3C64-AEB4-6AF82E557AC1}.MinSizeRel|x64.ActiveCfg = MinSizeRel|x64
		{AB0C082D-C850-3C64-AEB4-6AF82E557AC1}.MinSizeRel|x64.Build.0 = MinSizeRel|x64
		{AB0C082D-C850-3C64-AEB4-6AF82E557AC1}.RelWithDebInfo|x64.ActiveCfg = RelWithDebInfo|x64
		{AB0C082D-C850-3C64-AEB4-6AF82E557AC1}.RelWithDebInfo|x64.Build.0 = RelWithDebInfo|x64
		{61944A28-D892-3670-A556-246B6B1C3859}.Debug|x64.ActiveCfg = Debug|x64
		{61944A28-D892-3670-A556-246B6B1C3859}.Release|x64.ActiveCfg = Release|x64
		{61944A28-D892-3670-A556-246B6B1C3859}.MinSizeRel|x64.ActiveCfg = MinSizeRel|x64
		{61944A28-D892-3670-A556-246B6B1C3859}.RelWithDebInfo|x64.ActiveCfg = RelWithDebInfo|x64
		{70E09D8D-32D9-3429-9DC9-E2E297BA8CD1}.Debug|x64.ActiveCfg = Debug|x64
		{70E09D8D-32D9-3429-9DC9-E2E297BA8CD1}.Debug|x64.Build.0 = Debug|x64
		{70E09D8D-32D9-3429-9DC9-E2E297BA8CD1}.Release|x64.ActiveCfg = Release|x64
		{70E09D8D-32D9-3429-9DC9-E2E297BA8CD1}.Release|x64.Build.0 = Release|x64
		{70E09D8D-32D9-3429-9DC9-E2E297BA8CD1}.MinSizeRel|x64.ActiveCfg = MinSizeRel|x64
		{70E09D8D-32D9-3429-9DC9-E2E297BA8CD1}.MinSizeRel|x64.Build.0 = MinSizeRel|x64
		{70E09D8D-32D9-3429-9DC9-E2E297BA8CD1}.RelWithDebInfo|x64.ActiveCfg = RelWithDebInfo|x64
		{70E09D8D-32D9-3429-9DC9-E2E297BA8CD1}.RelWithDebInfo|x64.Build.0 = RelWithDebInfo|x64
		{8EACCB15-140E-395F-BBB7-39C862AB6442}.Debug|x64.ActiveCfg = Debug|x64
		{8EACCB15-140E-395F-BBB7-39C862AB6442}.Debug|x64.Build.0 = Debug|x64
		{8EACCB15-140E-395F-BBB7-39C862AB6442}.Release|x64.ActiveCfg = Release|x64
		{8EACCB15-140E-395F-BBB7-39C862AB6442}.Release|x64.Build.0 = Release|x64
		{8EACCB15-140E-395F-BBB7-39C862AB6442}.MinSizeRel|x64.ActiveCfg = MinSizeRel|x64
		{8EACCB15-140E-395F-BBB7-39C862AB6442}.MinSizeRel|x64.Build.0 = MinSizeRel|x64
		{8EACCB15-140E-395F-BBB7-39C862AB6442}.RelWithDebInfo|x64.ActiveCfg = RelWithDebInfo|x64
		{8EACCB15-140E-395F-BBB7-39C862AB6442}.RelWithDebInfo|x64.Build.0 = RelWithDebInfo|x64
		{E05D4D40-46E5-3B44-8286-B4B527AE9551}.Debug|x64.ActiveCfg = Debug|x64
		{E05D4D40-46E5-3B44-8286-B4B527AE9551}.Release|x64.ActiveCfg = Release|x64
		{E05D4D40-46E5-3B44-8286-B4B527AE9551}.MinSizeRel|x64.ActiveCfg = MinSizeRel|x64
		{E05D4D40-46E5-3B44-8286-B4B527AE9551}.RelWithDebInfo|x64.ActiveCfg = RelWithDebInfo|x64
		{A6670EF8-5D41-373A-8197-CE450206B97A}.Debug|x64.ActiveCfg = Debug|x64
		{A6670EF8-5D41-373A-8197-CE450206B97A}.Release|x64.ActiveCfg = Release|x64
		{A6670EF8-5D41-373A-8197-CE450206B97A}.MinSizeRel|x64.ActiveCfg = MinSizeRel|x64
		{A6670EF8-5D41-373A-8197-CE450206B97A}.RelWithDebInfo|x64.ActiveCfg = RelWithDebInfo|x64
		{ABEC24F3-66BE-3F7D-B91B-7038FF13A4BD}.Debug|x64.ActiveCfg = Debug|x64
		{ABEC24F3-66BE-3F7D-B91B-7038FF13A4BD}.Debug|x64.Build.0 = Debug|x64
		{ABEC24F3-66BE-3F7D-B91B-7038FF13A4BD}.Release|x64.ActiveCfg = Release|x64
		{ABEC24F3-66BE-3F7D-B91B-7038FF13A4BD}.Release|x64.Build.0 = Release|x64
		{ABEC24F3-66BE-3F7D-B91B-7038FF13A4BD}.MinSizeRel|x64.ActiveCfg = MinSizeRel|x64
		{ABEC24F3-66BE-3F7D-B91B-7038FF13A4BD}.MinSizeRel|x64.Build.0 = MinSizeRel|x64
		{ABEC24F3-66BE-3F7D-B91B-7038FF13A4BD}.RelWithDebInfo|x64.ActiveCfg = RelWithDebInfo|x64
		{ABEC24F3-66BE-3F7D-B91B-7038FF13A4BD}.RelWithDebInfo|x64.Build.0 = RelWithDebInfo|x64
		{9E8915C4-165F-3190-ACBC-2DCC6974C7CB}.Debug|x64.ActiveCfg = Debug|x64
		{9E8915C4-165F-3190-ACBC-2DCC6974C7CB}.Debug|x64.Build.0 = Debug|x64
		{9E8915C4-165F-3190-ACBC-2DCC6974C7CB}.Release|x64.ActiveCfg = Release|x64
		{9E8915C4-165F-3190-ACBC-2DCC6974C7CB}.Release|x64.Build.0 = Release|x64
		{9E8915C4-165F-3190-ACBC-2DCC6974C7CB}.MinSizeRel|x64.ActiveCfg = MinSizeRel|x64
		{9E8915C4-165F-3190-ACBC-2DCC6974C7CB}.MinSizeRel|x64.Build.0 = MinSizeRel|x64
		{9E8915C4-165F-3190-ACBC-2DCC6974C7CB}.RelWithDebInfo|x64.ActiveCfg = RelWithDebInfo|x64
		{9E8915C4-165F-3190-ACBC-2DCC6974C7CB}.RelWithDebInfo|x64.Build.0 = RelWithDebInfo|x64
		{D2009409-81DC-36BE-A517-152A43207B1D}.Debug|x64.ActiveCfg = Debug|x64
		{D2009409-81DC-36BE-A517-152A43207B1D}.Debug|x64.Build.0 = Debug|x64
		{D2009409-81DC-36BE-A517-152A43207B1D}.Release|x64.ActiveCfg = Release|x64
		{D2009409-81DC-36BE-A517-152A43207B1D}.Release|x64.Build.0 = Release|x64
		{D2009409-81DC-36BE-A517-152A43207B1D}.MinSizeRel|x64.ActiveCfg = MinSizeRel|x64
		{D2009409-81DC-36BE-A517-152A43207B1D}.MinSizeRel|x64.Build.0 = MinSizeRel|x64
		{D2009409-81DC-36BE-A517-152A43207B1D}.RelWithDebInfo|x64.ActiveCfg = RelWithDebInfo|x64
		{D2009409-81DC-36BE-A517-152A43207B1D}.RelWithDebInfo|x64.Build.0 = RelWithDebInfo|x64
		{450C1A36-13B1-3E5C-A916-CA31E9BD5478}.Debug|x64.ActiveCfg = Debug|x64
		{450C1A36-13B1-3E5C-A916-CA31E9BD5478}.Debug|x64.Build.0 = Debug|x64
		{450C1A36-13B1-3E5C-A916-CA31E9BD5478}.Release|x64.ActiveCfg = Release|x64
		{450C1A36-13B1-3E5C-A916-CA31E9BD5478}.Release|x64.Build.0 = Release|x64
		{450C1A36-13B1-3E5C-A916-CA31E9BD5478}.MinSizeRel|x64.ActiveCfg = MinSizeRel|x64
		{450C1A36-13B1-3E5C-A916-CA31E9BD5478}.MinSizeRel|x64.Build.0 = MinSizeRel|x64
		{450C1A36-13B1-3E5C-A916-CA31E9BD5478}.RelWithDebInfo|x64.ActiveCfg = RelWithDebInfo|x64
		{450C1A36-13B1-3E5C-A916-CA31E9BD5478}.RelWithDebInfo|x64.Build.0 = RelWithDebInfo|x64
		{58B6AA01-1FBB-3E10-980F-94B2C664D820}.Debug|x64.ActiveCfg = Debug|x64
		{58B6AA01-1FBB-3E10-980F-94B2C664D820}.Debug|x64.Build.0 = Debug|x64
		{58B6AA01-1FBB-3E10-980F-94B2C664D820}.Release|x64.ActiveCfg = Release|x64
		{58B6AA01-1FBB-3E10-980F-94B2C664D820}.Release|x64.Build.0 = Release|x64
		{58B6AA01-1FBB-3E10-980F-94B2C664D820}.MinSizeRel|x64.ActiveCfg = MinSizeRel|x64
		{58B6AA01-1FBB-3E10-980F-94B2C664D820}.MinSizeRel|x64.Build.0 = MinSizeRel|x64
		{58B6AA01-1FBB-3E10-980F-94B2C664D820}.RelWithDebInfo|x64.ActiveCfg = RelWithDebInfo|x64
		{58B6AA01-1FBB-3E10-980F-94B2C664D820}.RelWithDebInfo|x64.Build.0 = RelWithDebInfo|x64
		{1BC778FB-C656-3A0C-A818-DF219A298606}.Debug|x64.ActiveCfg = Debug|x64
		{1BC778FB-C656-3A0C-A818-DF219A298606}.Debug|x64.Build.0 = Debug|x64
		{1BC778FB-C656-3A0C-A818-DF219A298606}.Release|x64.ActiveCfg = Release|x64
		{1BC778FB-C656-3A0C-A818-DF219A298606}.Release|x64.Build.0 = Release|x64
		{1BC778FB-C656-3A0C-A818-DF219A298606}.MinSizeRel|x64.ActiveCfg = MinSizeRel|x64
		{1BC778FB-C656-3A0C-A818-DF219A298606}.MinSizeRel|x64.Build.0 = MinSizeRel|x64
		{1BC778FB-C656-3A0C-A818-DF219A298606}.RelWithDebInfo|x64.ActiveCfg = RelWithDebInfo|x64
		{1BC778FB-C656-3A0C-A818-DF219A298606}.RelWithDebInfo|x64.Build.0 = RelWithDebInfo|x64
		{3EFAA04F-FCF9-31A8-84E6-29FFB8A2B92E}.Debug|x64.ActiveCfg = Debug|x64
		{3EFAA04F-FCF9-31A8-84E6-29FFB8A2B92E}.Debug|x64.Build.0 = Debug|x64
		{3EFAA04F-FCF9-31A8-84E6-29FFB8A2B92E}.Release|x64.ActiveCfg = Release|x64
		{3EFAA04F-FCF9-31A8-84E6-29FFB8A2B92E}.Release|x64.Build.0 = Release|x64
		{3EFAA04F-FCF9-31A8-84E6-29FFB8A2B92E}.MinSizeRel|x64.ActiveCfg = MinSizeRel|x64
		{3EFAA04F-FCF9-31A8-84E6-29FFB8A2B92E}.MinSizeRel|x64.Build.0 = MinSizeRel|x64
		{3EFAA04F-FCF9-31A8-84E6-29FFB8A2B92E}.RelWithDebInfo|x64.ActiveCfg = RelWithDebInfo|x64
		{3EFAA04F-FCF9-31A8-84E6-29FFB8A2B92E}.RelWithDebInfo|x64.Build.0 = RelWithDebInfo|x64
		{4525B64A-70E2-344D-8481-4A306A7D5BC9}.Debug|x64.ActiveCfg = Debug|x64
		{4525B64A-70E2-344D-8481-4A306A7D5BC9}.Debug|x64.Build.0 = Debug|x64
		{4525B64A-70E2-344D-8481-4A306A7D5BC9}.Release|x64.ActiveCfg = Release|x64
		{4525B64A-70E2-344D-8481-4A306A7D5BC9}.Release|x64.Build.0 = Release|x64
		{4525B64A-70E2-344D-8481-4A306A7D5BC9}.MinSizeRel|x64.ActiveCfg = MinSizeRel|x64
		{4525B64A-70E2-344D-8481-4A306A7D5BC9}.MinSizeRel|x64.Build.0 = MinSizeRel|x64
		{4525B64A-70E2-344D-8481-4A306A7D5BC9}.RelWithDebInfo|x64.ActiveCfg = RelWithDebInfo|x64
		{4525B64A-70E2-344D-8481-4A306A7D5BC9}.RelWithDebInfo|x64.Build.0 = RelWithDebInfo|x64
		{E4135897-36D3-3011-B0A0-E572D32ED53D}.Debug|x64.ActiveCfg = Debug|x64
		{E4135897-36D3-3011-B0A0-E572D32ED53D}.Debug|x64.Build.0 = Debug|x64
		{E4135897-36D3-3011-B0A0-E572D32ED53D}.Release|x64.ActiveCfg = Release|x64
		{E4135897-36D3-3011-B0A0-E572D32ED53D}.Release|x64.Build.0 = Release|x64
		{E4135897-36D3-3011-B0A0-E572D32ED53D}.MinSizeRel|x64.ActiveCfg = MinSizeRel|x64
		{E4135897-36D3-3011-B0A0-E572D32ED53D}.MinSizeRel|x64.Build.0 = MinSizeRel|x64
		{E4135897-36D3-3011-B0A0-E572D32ED53D}.RelWithDebInfo|x64.ActiveCfg = RelWithDebInfo|x64
		{E4135897-36D3-3011-B0A0-E572D32ED53D}.RelWithDebInfo|x64.Build.0 = RelWithDebInfo|x64
		{74348491-B091-37EE-A4A6-3DB07B26F01E}.Debug|x64.ActiveCfg = Debug|x64
		{74348491-B091-37EE-A4A6-3DB07B26F01E}.Debug|x64.Build.0 = Debug|x64
		{74348491-B091-37EE-A4A6-3DB07B26F01E}.Release|x64.ActiveCfg = Release|x64
		{74348491-B091-37EE-A4A6-3DB07B26F01E}.Release|x64.Build.0 = Release|x64
		{74348491-B091-37EE-A4A6-3DB07B26F01E}.MinSizeRel|x64.ActiveCfg = MinSizeRel|x64
		{74348491-B091-37EE-A4A6-3DB07B26F01E}.MinSizeRel|x64.Build.0 = MinSizeRel|x64
		{74348491-B091-37EE-A4A6-3DB07B26F01E}.RelWithDebInfo|x64.ActiveCfg = RelWithDebInfo|x64
		{74348491-B091-37EE-A4A6-3DB07B26F01E}.RelWithDebInfo|x64.Build.0 = RelWithDebInfo|x64
	EndGlobalSection
	GlobalSection(ExtensibilityGlobals) = postSolution
		SolutionGuid = {AD98E725-6DC9-3E59-9ACB-17BF46A6823B}
	EndGlobalSection
	GlobalSection(ExtensibilityAddIns) = postSolution
	EndGlobalSection
EndGlobal
