Microsoft Visual Studio Solution File, Format Version 12.00
# Visual Studio 16
Project("{8BC9CEB8-8B4A-11D0-8D11-00A0C91BC942}") = "ALL_BUILD", "ALL_BUILD.vcxproj", "{AE4E11A6-B95D-31B7-898A-A70B5DCB700A}"
	ProjectSection(ProjectDependencies) = postProject
		{80CB4AFD-11FD-3B0B-B9DD-1B31C9A92B8E} = {80CB4AFD-11FD-3B0B-B9DD-1B31C9A92B8E}
		{5C52B953-5468-3957-94A1-33A21167E62B} = {5C52B953-5468-3957-94A1-33A21167E62B}
		{E927D484-42AF-3D08-B169-41C6EDF527D8} = {E927D484-42AF-3D08-B169-41C6EDF527D8}
		{E1EDE594-8119-3E0B-B0F5-62E3E54B9143} = {E1EDE594-8119-3E0B-B0F5-62E3E54B9143}
		{8A07D009-E8E5-384B-B66F-6C50AE2B8099} = {8A07D009-E8E5-384B-B66F-6C50AE2B8099}
		{6F0C791E-6F09-30A5-897F-3CA9ECDBF4DC} = {6F0C791E-6F09-30A5-897F-3CA9ECDBF4DC}
		{510D73E2-A1C4-3239-870C-670FB599AB12} = {510D73E2-A1C4-3239-870C-670FB599AB12}
		{5F458CF0-0F9D-3AA4-BD1D-3FBD4A83C435} = {5F458CF0-0F9D-3AA4-BD1D-3FBD4A83C435}
		{EF6E816E-8095-36C1-AD85-4E047B154A78} = {EF6E816E-8095-36C1-AD85-4E047B154A78}
		{FF1B3442-9487-3DF4-9F47-43773B132359} = {FF1B3442-9487-3DF4-9F47-43773B132359}
		{32EE82D2-5D0B-34A7-AD51-BE489C896378} = {32EE82D2-5D0B-34A7-AD51-BE489C896378}
		{A533FDE6-B8FA-395F-8B4A-2893B715B43A} = {A533FDE6-B8FA-395F-8B4A-2893B715B43A}
	EndProjectSection
EndProject
Project("{8BC9CEB8-8B4A-11D0-8D11-00A0C91BC942}") = "INSTALL", "INSTALL.vcxproj", "{AE9B0F96-7B81-3CF5-AEA9-01F0E2B9DE01}"
	ProjectSection(ProjectDependencies) = postProject
		{AE4E11A6-B95D-31B7-898A-A70B5DCB700A} = {AE4E11A6-B95D-31B7-898A-A70B5DCB700A}
		{80CB4AFD-11FD-3B0B-B9DD-1B31C9A92B8E} = {80CB4AFD-11FD-3B0B-B9DD-1B31C9A92B8E}
	EndProjectSection
EndProject
Project("{8BC9CEB8-8B4A-11D0-8D11-00A0C91BC942}") = "ZERO_CHECK", "ZERO_CHECK.vcxproj", "{80CB4AFD-11FD-3B0B-B9DD-1B31C9A92B8E}"
	ProjectSection(ProjectDependencies) = postProject
	EndProjectSection
EndProject
Project("{8BC9CEB8-8B4A-11D0-8D11-00A0C91BC942}") = "backend_disconnect_recover", "backend_disconnect_recover.vcxproj", "{5C52B953-5468-3957-94A1-33A21167E62B}"
	ProjectSection(ProjectDependencies) = postProject
		{80CB4AFD-11FD-3B0B-B9DD-1B31C9A92B8E} = {80CB4AFD-11FD-3B0B-B9DD-1B31C9A92B8E}
		{E1EDE594-8119-3E0B-B0F5-62E3E54B9143} = {E1EDE594-8119-3E0B-B0F5-62E3E54B9143}
	EndProjectSection
EndProject
Project("{8BC9CEB8-8B4A-11D0-8D11-00A0C91BC942}") = "coverage", "coverage.vcxproj", "{0D12C68E-77F6-3C28-A4A7-31D79121670C}"
	ProjectSection(ProjectDependencies) = postProject
		{80CB4AFD-11FD-3B0B-B9DD-1B31C9A92B8E} = {80CB4AFD-11FD-3B0B-B9DD-1B31C9A92B8E}
		{A533FDE6-B8FA-395F-8B4A-2893B715B43A} = {A533FDE6-B8FA-395F-8B4A-2893B715B43A}
	EndProjectSection
EndProject
Project("{8BC9CEB8-8B4A-11D0-8D11-00A0C91BC942}") = "doc", "doc.vcxproj", "{CFA1F177-1067-3561-AA3D-74C83FC86CDA}"
	ProjectSection(ProjectDependencies) = postProject
		{80CB4AFD-11FD-3B0B-B9DD-1B31C9A92B8E} = {80CB4AFD-11FD-3B0B-B9DD-1B31C9A92B8E}
	EndProjectSection
EndProject
Project("{8BC9CEB8-8B4A-11D0-8D11-00A0C91BC942}") = "latency", "latency.vcxproj", "{E927D484-42AF-3D08-B169-41C6EDF527D8}"
	ProjectSection(ProjectDependencies) = postProject
		{80CB4AFD-11FD-3B0B-B9DD-1B31C9A92B8E} = {80CB4AFD-11FD-3B0B-B9DD-1B31C9A92B8E}
	EndProjectSection
EndProject
Project("{8BC9CEB8-8B4A-11D0-8D11-00A0C91BC942}") = "libsoundio_shared", "libsoundio_shared.vcxproj", "{E1EDE594-8119-3E0B-B0F5-62E3E54B9143}"
	ProjectSection(ProjectDependencies) = postProject
		{80CB4AFD-11FD-3B0B-B9DD-1B31C9A92B8E} = {80CB4AFD-11FD-3B0B-B9DD-1B31C9A92B8E}
	EndProjectSection
EndProject
Project("{8BC9CEB8-8B4A-11D0-8D11-00A0C91BC942}") = "libsoundio_static", "libsoundio_static.vcxproj", "{8A07D009-E8E5-384B-B66F-6C50AE2B8099}"
	ProjectSection(ProjectDependencies) = postProject
		{80CB4AFD-11FD-3B0B-B9DD-1B31C9A92B8E} = {80CB4AFD-11FD-3B0B-B9DD-1B31C9A92B8E}
	EndProjectSection
EndProject
Project("{8BC9CEB8-8B4A-11D0-8D11-00A0C91BC942}") = "overflow", "overflow.vcxproj", "{6F0C791E-6F09-30A5-897F-3CA9ECDBF4DC}"
	ProjectSection(ProjectDependencies) = postProject
		{80CB4AFD-11FD-3B0B-B9DD-1B31C9A92B8E} = {80CB4AFD-11FD-3B0B-B9DD-1B31C9A92B8E}
		{E1EDE594-8119-3E0B-B0F5-62E3E54B9143} = {E1EDE594-8119-3E0B-B0F5-62E3E54B9143}
	EndProjectSection
EndProject
Project("{8BC9CEB8-8B4A-11D0-8D11-00A0C91BC942}") = "sio_list_devices", "sio_list_devices.vcxproj", "{510D73E2-A1C4-3239-870C-670FB599AB12}"
	ProjectSection(ProjectDependencies) = postProject
		{80CB4AFD-11FD-3B0B-B9DD-1B31C9A92B8E} = {80CB4AFD-11FD-3B0B-B9DD-1B31C9A92B8E}
		{E1EDE594-8119-3E0B-B0F5-62E3E54B9143} = {E1EDE594-8119-3E0B-B0F5-62E3E54B9143}
	EndProjectSection
EndProject
Project("{8BC9CEB8-8B4A-11D0-8D11-00A0C91BC942}") = "sio_microphone", "sio_microphone.vcxproj", "{5F458CF0-0F9D-3AA4-BD1D-3FBD4A83C435}"
	ProjectSection(ProjectDependencies) = postProject
		{80CB4AFD-11FD-3B0B-B9DD-1B31C9A92B8E} = {80CB4AFD-11FD-3B0B-B9DD-1B31C9A92B8E}
		{E1EDE594-8119-3E0B-B0F5-62E3E54B9143} = {E1EDE594-8119-3E0B-B0F5-62E3E54B9143}
	EndProjectSection
EndProject
Project("{8BC9CEB8-8B4A-11D0-8D11-00A0C91BC942}") = "sio_record", "sio_record.vcxproj", "{EF6E816E-8095-36C1-AD85-4E047B154A78}"
	ProjectSection(ProjectDependencies) = postProject
		{80CB4AFD-11FD-3B0B-B9DD-1B31C9A92B8E} = {80CB4AFD-11FD-3B0B-B9DD-1B31C9A92B8E}
		{E1EDE594-8119-3E0B-B0F5-62E3E54B9143} = {E1EDE594-8119-3E0B-B0F5-62E3E54B9143}
	EndProjectSection
EndProject
Project("{8BC9CEB8-8B4A-11D0-8D11-00A0C91BC942}") = "sio_sine", "sio_sine.vcxproj", "{FF1B3442-9487-3DF4-9F47-43773B132359}"
	ProjectSection(ProjectDependencies) = postProject
		{80CB4AFD-11FD-3B0B-B9DD-1B31C9A92B8E} = {80CB4AFD-11FD-3B0B-B9DD-1B31C9A92B8E}
		{E1EDE594-8119-3E0B-B0F5-62E3E54B9143} = {E1EDE594-8119-3E0B-B0F5-62E3E54B9143}
	EndProjectSection
EndProject
Project("{8BC9CEB8-8B4A-11D0-8D11-00A0C91BC942}") = "underflow", "underflow.vcxproj", "{32EE82D2-5D0B-34A7-AD51-BE489C896378}"
	ProjectSection(ProjectDependencies) = postProject
		{80CB4AFD-11FD-3B0B-B9DD-1B31C9A92B8E} = {80CB4AFD-11FD-3B0B-B9DD-1B31C9A92B8E}
		{E1EDE594-8119-3E0B-B0F5-62E3E54B9143} = {E1EDE594-8119-3E0B-B0F5-62E3E54B9143}
	EndProjectSection
EndProject
Project("{8BC9CEB8-8B4A-11D0-8D11-00A0C91BC942}") = "unit_tests", "unit_tests.vcxproj", "{A533FDE6-B8FA-395F-8B4A-2893B715B43A}"
	ProjectSection(ProjectDependencies) = postProject
		{80CB4AFD-11FD-3B0B-B9DD-1B31C9A92B8E} = {80CB4AFD-11FD-3B0B-B9DD-1B31C9A92B8E}
	EndProjectSection
EndProject
Global
	GlobalSection(SolutionConfigurationPlatforms) = preSolution
		Debug|Win32 = Debug|Win32
		Release|Win32 = Release|Win32
		MinSizeRel|Win32 = MinSizeRel|Win32
		RelWithDebInfo|Win32 = RelWithDebInfo|Win32
	EndGlobalSection
	GlobalSection(ProjectConfigurationPlatforms) = postSolution
		{AE4E11A6-B95D-31B7-898A-A70B5DCB700A}.Debug|Win32.ActiveCfg = Debug|Win32
		{AE4E11A6-B95D-31B7-898A-A70B5DCB700A}.Debug|Win32.Build.0 = Debug|Win32
		{AE4E11A6-B95D-31B7-898A-A70B5DCB700A}.Release|Win32.ActiveCfg = Release|Win32
		{AE4E11A6-B95D-31B7-898A-A70B5DCB700A}.Release|Win32.Build.0 = Release|Win32
		{AE4E11A6-B95D-31B7-898A-A70B5DCB700A}.MinSizeRel|Win32.ActiveCfg = MinSizeRel|Win32
		{AE4E11A6-B95D-31B7-898A-A70B5DCB700A}.MinSizeRel|Win32.Build.0 = MinSizeRel|Win32
		{AE4E11A6-B95D-31B7-898A-A70B5DCB700A}.RelWithDebInfo|Win32.ActiveCfg = RelWithDebInfo|Win32
		{AE4E11A6-B95D-31B7-898A-A70B5DCB700A}.RelWithDebInfo|Win32.Build.0 = RelWithDebInfo|Win32
		{AE9B0F96-7B81-3CF5-AEA9-01F0E2B9DE01}.Debug|Win32.ActiveCfg = Debug|Win32
		{AE9B0F96-7B81-3CF5-AEA9-01F0E2B9DE01}.Release|Win32.ActiveCfg = Release|Win32
		{AE9B0F96-7B81-3CF5-AEA9-01F0E2B9DE01}.MinSizeRel|Win32.ActiveCfg = MinSizeRel|Win32
		{AE9B0F96-7B81-3CF5-AEA9-01F0E2B9DE01}.RelWithDebInfo|Win32.ActiveCfg = RelWithDebInfo|Win32
		{80CB4AFD-11FD-3B0B-B9DD-1B31C9A92B8E}.Debug|Win32.ActiveCfg = Debug|Win32
		{80CB4AFD-11FD-3B0B-B9DD-1B31C9A92B8E}.Debug|Win32.Build.0 = Debug|Win32
		{80CB4AFD-11FD-3B0B-B9DD-1B31C9A92B8E}.Release|Win32.ActiveCfg = Release|Win32
		{80CB4AFD-11FD-3B0B-B9DD-1B31C9A92B8E}.Release|Win32.Build.0 = Release|Win32
		{80CB4AFD-11FD-3B0B-B9DD-1B31C9A92B8E}.MinSizeRel|Win32.ActiveCfg = MinSizeRel|Win32
		{80CB4AFD-11FD-3B0B-B9DD-1B31C9A92B8E}.MinSizeRel|Win32.Build.0 = MinSizeRel|Win32
		{80CB4AFD-11FD-3B0B-B9DD-1B31C9A92B8E}.RelWithDebInfo|Win32.ActiveCfg = RelWithDebInfo|Win32
		{80CB4AFD-11FD-3B0B-B9DD-1B31C9A92B8E}.RelWithDebInfo|Win32.Build.0 = RelWithDebInfo|Win32
		{5C52B953-5468-3957-94A1-33A21167E62B}.Debug|Win32.ActiveCfg = Debug|Win32
		{5C52B953-5468-3957-94A1-33A21167E62B}.Debug|Win32.Build.0 = Debug|Win32
		{5C52B953-5468-3957-94A1-33A21167E62B}.Release|Win32.ActiveCfg = Release|Win32
		{5C52B953-5468-3957-94A1-33A21167E62B}.Release|Win32.Build.0 = Release|Win32
		{5C52B953-5468-3957-94A1-33A21167E62B}.MinSizeRel|Win32.ActiveCfg = MinSizeRel|Win32
		{5C52B953-5468-3957-94A1-33A21167E62B}.MinSizeRel|Win32.Build.0 = MinSizeRel|Win32
		{5C52B953-5468-3957-94A1-33A21167E62B}.RelWithDebInfo|Win32.ActiveCfg = RelWithDebInfo|Win32
		{5C52B953-5468-3957-94A1-33A21167E62B}.RelWithDebInfo|Win32.Build.0 = RelWithDebInfo|Win32
		{0D12C68E-77F6-3C28-A4A7-31D79121670C}.Debug|Win32.ActiveCfg = Debug|Win32
		{0D12C68E-77F6-3C28-A4A7-31D79121670C}.Release|Win32.ActiveCfg = Release|Win32
		{0D12C68E-77F6-3C28-A4A7-31D79121670C}.MinSizeRel|Win32.ActiveCfg = MinSizeRel|Win32
		{0D12C68E-77F6-3C28-A4A7-31D79121670C}.RelWithDebInfo|Win32.ActiveCfg = RelWithDebInfo|Win32
		{CFA1F177-1067-3561-AA3D-74C83FC86CDA}.Debug|Win32.ActiveCfg = Debug|Win32
		{CFA1F177-1067-3561-AA3D-74C83FC86CDA}.Release|Win32.ActiveCfg = Release|Win32
		{CFA1F177-1067-3561-AA3D-74C83FC86CDA}.MinSizeRel|Win32.ActiveCfg = MinSizeRel|Win32
		{CFA1F177-1067-3561-AA3D-74C83FC86CDA}.RelWithDebInfo|Win32.ActiveCfg = RelWithDebInfo|Win32
		{E927D484-42AF-3D08-B169-41C6EDF527D8}.Debug|Win32.ActiveCfg = Debug|Win32
		{E927D484-42AF-3D08-B169-41C6EDF527D8}.Debug|Win32.Build.0 = Debug|Win32
		{E927D484-42AF-3D08-B169-41C6EDF527D8}.Release|Win32.ActiveCfg = Release|Win32
		{E927D484-42AF-3D08-B169-41C6EDF527D8}.Release|Win32.Build.0 = Release|Win32
		{E927D484-42AF-3D08-B169-41C6EDF527D8}.MinSizeRel|Win32.ActiveCfg = MinSizeRel|Win32
		{E927D484-42AF-3D08-B169-41C6EDF527D8}.MinSizeRel|Win32.Build.0 = MinSizeRel|Win32
		{E927D484-42AF-3D08-B169-41C6EDF527D8}.RelWithDebInfo|Win32.ActiveCfg = RelWithDebInfo|Win32
		{E927D484-42AF-3D08-B169-41C6EDF527D8}.RelWithDebInfo|Win32.Build.0 = RelWithDebInfo|Win32
		{E1EDE594-8119-3E0B-B0F5-62E3E54B9143}.Debug|Win32.ActiveCfg = Debug|Win32
		{E1EDE594-8119-3E0B-B0F5-62E3E54B9143}.Debug|Win32.Build.0 = Debug|Win32
		{E1EDE594-8119-3E0B-B0F5-62E3E54B9143}.Release|Win32.ActiveCfg = Release|Win32
		{E1EDE594-8119-3E0B-B0F5-62E3E54B9143}.Release|Win32.Build.0 = Release|Win32
		{E1EDE594-8119-3E0B-B0F5-62E3E54B9143}.MinSizeRel|Win32.ActiveCfg = MinSizeRel|Win32
		{E1EDE594-8119-3E0B-B0F5-62E3E54B9143}.MinSizeRel|Win32.Build.0 = MinSizeRel|Win32
		{E1EDE594-8119-3E0B-B0F5-62E3E54B9143}.RelWithDebInfo|Win32.ActiveCfg = RelWithDebInfo|Win32
		{E1EDE594-8119-3E0B-B0F5-62E3E54B9143}.RelWithDebInfo|Win32.Build.0 = RelWithDebInfo|Win32
		{8A07D009-E8E5-384B-B66F-6C50AE2B8099}.Debug|Win32.ActiveCfg = Debug|Win32
		{8A07D009-E8E5-384B-B66F-6C50AE2B8099}.Debug|Win32.Build.0 = Debug|Win32
		{8A07D009-E8E5-384B-B66F-6C50AE2B8099}.Release|Win32.ActiveCfg = Release|Win32
		{8A07D009-E8E5-384B-B66F-6C50AE2B8099}.Release|Win32.Build.0 = Release|Win32
		{8A07D009-E8E5-384B-B66F-6C50AE2B8099}.MinSizeRel|Win32.ActiveCfg = MinSizeRel|Win32
		{8A07D009-E8E5-384B-B66F-6C50AE2B8099}.MinSizeRel|Win32.Build.0 = MinSizeRel|Win32
		{8A07D009-E8E5-384B-B66F-6C50AE2B8099}.RelWithDebInfo|Win32.ActiveCfg = RelWithDebInfo|Win32
		{8A07D009-E8E5-384B-B66F-6C50AE2B8099}.RelWithDebInfo|Win32.Build.0 = RelWithDebInfo|Win32
		{6F0C791E-6F09-30A5-897F-3CA9ECDBF4DC}.Debug|Win32.ActiveCfg = Debug|Win32
		{6F0C791E-6F09-30A5-897F-3CA9ECDBF4DC}.Debug|Win32.Build.0 = Debug|Win32
		{6F0C791E-6F09-30A5-897F-3CA9ECDBF4DC}.Release|Win32.ActiveCfg = Release|Win32
		{6F0C791E-6F09-30A5-897F-3CA9ECDBF4DC}.Release|Win32.Build.0 = Release|Win32
		{6F0C791E-6F09-30A5-897F-3CA9ECDBF4DC}.MinSizeRel|Win32.ActiveCfg = MinSizeRel|Win32
		{6F0C791E-6F09-30A5-897F-3CA9ECDBF4DC}.MinSizeRel|Win32.Build.0 = MinSizeRel|Win32
		{6F0C791E-6F09-30A5-897F-3CA9ECDBF4DC}.RelWithDebInfo|Win32.ActiveCfg = RelWithDebInfo|Win32
		{6F0C791E-6F09-30A5-897F-3CA9ECDBF4DC}.RelWithDebInfo|Win32.Build.0 = RelWithDebInfo|Win32
		{510D73E2-A1C4-3239-870C-670FB599AB12}.Debug|Win32.ActiveCfg = Debug|Win32
		{510D73E2-A1C4-3239-870C-670FB599AB12}.Debug|Win32.Build.0 = Debug|Win32
		{510D73E2-A1C4-3239-870C-670FB599AB12}.Release|Win32.ActiveCfg = Release|Win32
		{510D73E2-A1C4-3239-870C-670FB599AB12}.Release|Win32.Build.0 = Release|Win32
		{510D73E2-A1C4-3239-870C-670FB599AB12}.MinSizeRel|Win32.ActiveCfg = MinSizeRel|Win32
		{510D73E2-A1C4-3239-870C-670FB599AB12}.MinSizeRel|Win32.Build.0 = MinSizeRel|Win32
		{510D73E2-A1C4-3239-870C-670FB599AB12}.RelWithDebInfo|Win32.ActiveCfg = RelWithDebInfo|Win32
		{510D73E2-A1C4-3239-870C-670FB599AB12}.RelWithDebInfo|Win32.Build.0 = RelWithDebInfo|Win32
		{5F458CF0-0F9D-3AA4-BD1D-3FBD4A83C435}.Debug|Win32.ActiveCfg = Debug|Win32
		{5F458CF0-0F9D-3AA4-BD1D-3FBD4A83C435}.Debug|Win32.Build.0 = Debug|Win32
		{5F458CF0-0F9D-3AA4-BD1D-3FBD4A83C435}.Release|Win32.ActiveCfg = Release|Win32
		{5F458CF0-0F9D-3AA4-BD1D-3FBD4A83C435}.Release|Win32.Build.0 = Release|Win32
		{5F458CF0-0F9D-3AA4-BD1D-3FBD4A83C435}.MinSizeRel|Win32.ActiveCfg = MinSizeRel|Win32
		{5F458CF0-0F9D-3AA4-BD1D-3FBD4A83C435}.MinSizeRel|Win32.Build.0 = MinSizeRel|Win32
		{5F458CF0-0F9D-3AA4-BD1D-3FBD4A83C435}.RelWithDebInfo|Win32.ActiveCfg = RelWithDebInfo|Win32
		{5F458CF0-0F9D-3AA4-BD1D-3FBD4A83C435}.RelWithDebInfo|Win32.Build.0 = RelWithDebInfo|Win32
		{EF6E816E-8095-36C1-AD85-4E047B154A78}.Debug|Win32.ActiveCfg = Debug|Win32
		{EF6E816E-8095-36C1-AD85-4E047B154A78}.Debug|Win32.Build.0 = Debug|Win32
		{EF6E816E-8095-36C1-AD85-4E047B154A78}.Release|Win32.ActiveCfg = Release|Win32
		{EF6E816E-8095-36C1-AD85-4E047B154A78}.Release|Win32.Build.0 = Release|Win32
		{EF6E816E-8095-36C1-AD85-4E047B154A78}.MinSizeRel|Win32.ActiveCfg = MinSizeRel|Win32
		{EF6E816E-8095-36C1-AD85-4E047B154A78}.MinSizeRel|Win32.Build.0 = MinSizeRel|Win32
		{EF6E816E-8095-36C1-AD85-4E047B154A78}.RelWithDebInfo|Win32.ActiveCfg = RelWithDebInfo|Win32
		{EF6E816E-8095-36C1-AD85-4E047B154A78}.RelWithDebInfo|Win32.Build.0 = RelWithDebInfo|Win32
		{FF1B3442-9487-3DF4-9F47-43773B132359}.Debug|Win32.ActiveCfg = Debug|Win32
		{FF1B3442-9487-3DF4-9F47-43773B132359}.Debug|Win32.Build.0 = Debug|Win32
		{FF1B3442-9487-3DF4-9F47-43773B132359}.Release|Win32.ActiveCfg = Release|Win32
		{FF1B3442-9487-3DF4-9F47-43773B132359}.Release|Win32.Build.0 = Release|Win32
		{FF1B3442-9487-3DF4-9F47-43773B132359}.MinSizeRel|Win32.ActiveCfg = MinSizeRel|Win32
		{FF1B3442-9487-3DF4-9F47-43773B132359}.MinSizeRel|Win32.Build.0 = MinSizeRel|Win32
		{FF1B3442-9487-3DF4-9F47-43773B132359}.RelWithDebInfo|Win32.ActiveCfg = RelWithDebInfo|Win32
		{FF1B3442-9487-3DF4-9F47-43773B132359}.RelWithDebInfo|Win32.Build.0 = RelWithDebInfo|Win32
		{32EE82D2-5D0B-34A7-AD51-BE489C896378}.Debug|Win32.ActiveCfg = Debug|Win32
		{32EE82D2-5D0B-34A7-AD51-BE489C896378}.Debug|Win32.Build.0 = Debug|Win32
		{32EE82D2-5D0B-34A7-AD51-BE489C896378}.Release|Win32.ActiveCfg = Release|Win32
		{32EE82D2-5D0B-34A7-AD51-BE489C896378}.Release|Win32.Build.0 = Release|Win32
		{32EE82D2-5D0B-34A7-AD51-BE489C896378}.MinSizeRel|Win32.ActiveCfg = MinSizeRel|Win32
		{32EE82D2-5D0B-34A7-AD51-BE489C896378}.MinSizeRel|Win32.Build.0 = MinSizeRel|Win32
		{32EE82D2-5D0B-34A7-AD51-BE489C896378}.RelWithDebInfo|Win32.ActiveCfg = RelWithDebInfo|Win32
		{32EE82D2-5D0B-34A7-AD51-BE489C896378}.RelWithDebInfo|Win32.Build.0 = RelWithDebInfo|Win32
		{A533FDE6-B8FA-395F-8B4A-2893B715B43A}.Debug|Win32.ActiveCfg = Debug|Win32
		{A533FDE6-B8FA-395F-8B4A-2893B715B43A}.Debug|Win32.Build.0 = Debug|Win32
		{A533FDE6-B8FA-395F-8B4A-2893B715B43A}.Release|Win32.ActiveCfg = Release|Win32
		{A533FDE6-B8FA-395F-8B4A-2893B715B43A}.Release|Win32.Build.0 = Release|Win32
		{A533FDE6-B8FA-395F-8B4A-2893B715B43A}.MinSizeRel|Win32.ActiveCfg = MinSizeRel|Win32
		{A533FDE6-B8FA-395F-8B4A-2893B715B43A}.MinSizeRel|Win32.Build.0 = MinSizeRel|Win32
		{A533FDE6-B8FA-395F-8B4A-2893B715B43A}.RelWithDebInfo|Win32.ActiveCfg = RelWithDebInfo|Win32
		{A533FDE6-B8FA-395F-8B4A-2893B715B43A}.RelWithDebInfo|Win32.Build.0 = RelWithDebInfo|Win32
	EndGlobalSection
	GlobalSection(ExtensibilityGlobals) = postSolution
		SolutionGuid = {7AEEB15E-186C-3196-B2F6-E1641CBD8581}
	EndGlobalSection
	GlobalSection(ExtensibilityAddIns) = postSolution
	EndGlobalSection
EndGlobal
